// !$*UTF8*$!
{
	archiveVersion = 1;
	classes = {
	};
	objectVersion = 71;
	objects = {

/* Begin PBXBuildFile section */
		A10000000000000000000001 /* GitKusaApp.swift in Sources */ = {isa = PBXBuildFile; fileRef = A20000000000000000000001 /* GitKusaApp.swift */; };
		A10000000000000000000002 /* ContentView.swift in Sources */ = {isa = PBXBuildFile; fileRef = A20000000000000000000002 /* ContentView.swift */; };
		A10000000000000000000003 /* Contribution.swift in Sources */ = {isa = PBXBuildFile; fileRef = A20000000000000000000003 /* Contribution.swift */; };
		A10000000000000000000004 /* GitHubContributionService.swift in Sources */ = {isa = PBXBuildFile; fileRef = A20000000000000000000004 /* GitHubContributionService.swift */; };
		A10000000000000000000005 /* ContributionGrid.swift in Sources */ = {isa = PBXBuildFile; fileRef = A20000000000000000000005 /* ContributionGrid.swift */; };
		A10000000000000000000006 /* GitKusaWidget.swift in Sources */ = {isa = PBXBuildFile; fileRef = A20000000000000000000006 /* GitKusaWidget.swift */; };
		A10000000000000000000007 /* Contribution.swift in Sources */ = {isa = PBXBuildFile; fileRef = A20000000000000000000003 /* Contribution.swift */; };
		A10000000000000000000008 /* GitHubContributionService.swift in Sources */ = {isa = PBXBuildFile; fileRef = A20000000000000000000004 /* GitHubContributionService.swift */; };
		A10000000000000000000009 /* ContributionGrid.swift in Sources */ = {isa = PBXBuildFile; fileRef = A20000000000000000000005 /* ContributionGrid.swift */; };
		A1000000000000000000000A /* GitKusaWidget.appex in Embed Foundation Extensions */ = {isa = PBXBuildFile; fileRef = A20000000000000000000008 /* GitKusaWidget.appex */; settings = {ATTRIBUTES = (RemoveHeadersOnCopy, ); }; };
		A1000000000000000000000B /* Assets.xcassets in Resources */ = {isa = PBXBuildFile; fileRef = A2000000000000000000000B /* Assets.xcassets */; };
/* End PBXBuildFile section */

/* Begin PBXContainerItemProxy section */
		A30000000000000000000001 /* PBXContainerItemProxy */ = {
			isa = PBXContainerItemProxy;
			containerPortal = A90000000000000000000001 /* Project object */;
			proxyType = 1;
			remoteGlobalIDString = A80000000000000000000002;
			remoteInfo = GitKusaWidget;
		};
/* End PBXContainerItemProxy section */

/* Begin PBXCopyFilesBuildPhase section */
		A40000000000000000000001 /* Embed Foundation Extensions */ = {
			isa = PBXCopyFilesBuildPhase;
			buildActionMask = 2147483647;
			dstPath = "";
			dstSubfolderSpec = 13;
			files = (
				A1000000000000000000000A /* GitKusaWidget.appex in Embed Foundation Extensions */,
			);
			name = "Embed Foundation Extensions";
			runOnlyForDeploymentPostprocessing = 0;
		};
/* End PBXCopyFilesBuildPhase section */

/* Begin PBXFileReference section */
		A20000000000000000000001 /* GitKusaApp.swift */ = {isa = PBXFileReference; lastKnownFileType = sourcecode.swift; path = GitKusaApp.swift; sourceTree = "<group>"; };
		A20000000000000000000002 /* ContentView.swift */ = {isa = PBXFileReference; lastKnownFileType = sourcecode.swift; path = ContentView.swift; sourceTree = "<group>"; };
		A20000000000000000000003 /* Contribution.swift */ = {isa = PBXFileReference; lastKnownFileType = sourcecode.swift; path = Contribution.swift; sourceTree = "<group>"; };
		A20000000000000000000004 /* GitHubContributionService.swift */ = {isa = PBXFileReference; lastKnownFileType = sourcecode.swift; path = GitHubContributionService.swift; sourceTree = "<group>"; };
		A20000000000000000000005 /* ContributionGrid.swift */ = {isa = PBXFileReference; lastKnownFileType = sourcecode.swift; path = ContributionGrid.swift; sourceTree = "<group>"; };
		A20000000000000000000006 /* GitKusaWidget.swift */ = {isa = PBXFileReference; lastKnownFileType = sourcecode.swift; path = GitKusaWidget.swift; sourceTree = "<group>"; };
		A20000000000000000000007 /* GitKusa.app */ = {isa = PBXFileReference; explicitFileType = wrapper.application; includeInIndex = 0; path = GitKusa.app; sourceTree = BUILT_PRODUCTS_DIR; };
		A20000000000000000000008 /* GitKusaWidget.appex */ = {isa = PBXFileReference; explicitFileType = "wrapper.app-extension"; includeInIndex = 0; path = GitKusaWidget.appex; sourceTree = BUILT_PRODUCTS_DIR; };
		A20000000000000000000009 /* Info.plist */ = {isa = PBXFileReference; lastKnownFileType = text.plist.xml; path = Info.plist; sourceTree = "<group>"; };
		A2000000000000000000000A /* Info.plist */ = {isa = PBXFileReference; lastKnownFileType = text.plist.xml; path = Info.plist; sourceTree = "<group>"; };
		A2000000000000000000000B /* Assets.xcassets */ = {isa = PBXFileReference; lastKnownFileType = folder.assetcatalog; path = Assets.xcassets; sourceTree = "<group>"; };
/* End PBXFileReference section */

/* Begin PBXFrameworksBuildPhase section */
		A50000000000000000000001 /* Frameworks */ = {
			isa = PBXFrameworksBuildPhase;
			buildActionMask = 2147483647;
			files = (
			);
			runOnlyForDeploymentPostprocessing = 0;
		};
		A50000000000000000000002 /* Frameworks */ = {
			isa = PBXFrameworksBuildPhase;
			buildActionMask = 2147483647;
			files = (
			);
			runOnlyForDeploymentPostprocessing = 0;
		};
/* End PBXFrameworksBuildPhase section */

/* Begin PBXGroup section */
		A60000000000000000000001 = {
			isa = PBXGroup;
			children = (
				A60000000000000000000002 /* GitKusa */,
				A60000000000000000000003 /* GitKusaWidget */,
				A60000000000000000000004 /* Shared */,
				A60000000000000000000005 /* Products */,
			);
			sourceTree = "<group>";
		};
		A60000000000000000000002 /* GitKusa */ = {
			isa = PBXGroup;
			children = (
				A20000000000000000000001 /* GitKusaApp.swift */,
				A20000000000000000000002 /* ContentView.swift */,
				A2000000000000000000000B /* Assets.xcassets */,
				A20000000000000000000009 /* Info.plist */,
			);
			path = GitKusa;
			sourceTree = "<group>";
		};
		A60000000000000000000003 /* GitKusaWidget */ = {
			isa = PBXGroup;
			children = (
				A20000000000000000000006 /* GitKusaWidget.swift */,
				A2000000000000000000000A /* Info.plist */,
			);
			path = GitKusaWidget;
			sourceTree = "<group>";
		};
		A60000000000000000000004 /* Shared */ = {
			isa = PBXGroup;
			children = (
				A20000000000000000000003 /* Contribution.swift */,
				A20000000000000000000004 /* GitHubContributionService.swift */,
				A20000000000000000000005 /* ContributionGrid.swift */,
			);
			path = Shared;
			sourceTree = "<group>";
		};
		A60000000000000000000005 /* Products */ = {
			isa = PBXGroup;
			children = (
				A20000000000000000000007 /* GitKusa.app */,
				A20000000000000000000008 /* GitKusaWidget.appex */,
			);
			name = Products;
			sourceTree = "<group>";
		};
/* End PBXGroup section */

/* Begin PBXNativeTarget section */
		A80000000000000000000001 /* GitKusa */ = {
			isa = PBXNativeTarget;
			buildConfigurationList = AC0000000000000000000002 /* Build configuration list for PBXNativeTarget "GitKusa" */;
			buildPhases = (
				AB0000000000000000000001 /* Sources */,
				A50000000000000000000001 /* Frameworks */,
				AE0000000000000000000001 /* Resources */,
				A40000000000000000000001 /* Embed Foundation Extensions */,
			);
			buildRules = (
			);
			dependencies = (
				AA0000000000000000000001 /* PBXTargetDependency */,
			);
			name = GitKusa;
			productName = GitKusa;
			productReference = A20000000000000000000007 /* GitKusa.app */;
			productType = "com.apple.product-type.application";
		};
		A80000000000000000000002 /* GitKusaWidget */ = {
			isa = PBXNativeTarget;
			buildConfigurationList = AC0000000000000000000003 /* Build configuration list for PBXNativeTarget "GitKusaWidget" */;
			buildPhases = (
				AB0000000000000000000002 /* Sources */,
				A50000000000000000000002 /* Frameworks */,
			);
			buildRules = (
			);
			dependencies = (
			);
			name = GitKusaWidget;
			productName = GitKusaWidget;
			productReference = A20000000000000000000008 /* GitKusaWidget.appex */;
			productType = "com.apple.product-type.app-extension";
		};
/* End PBXNativeTarget section */

/* Begin PBXProject section */
		A90000000000000000000001 /* Project object */ = {
			isa = PBXProject;
			attributes = {
				BuildIndependentTargetsInParallel = 1;
				LastSwiftUpdateCheck = 2660;
				LastUpgradeCheck = 2660;
				TargetAttributes = {
					A80000000000000000000001 = {
						CreatedOnToolsVersion = 26.6;
					};
					A80000000000000000000002 = {
						CreatedOnToolsVersion = 26.6;
					};
				};
			};
			buildConfigurationList = AC0000000000000000000001 /* Build configuration list for PBXProject "GitKusa" */;
			compatibilityVersion = "Xcode 16.0";
			developmentRegion = en;
			hasScannedForEncodings = 0;
			knownRegions = (
				en,
				Base,
				ja,
			);
			mainGroup = A60000000000000000000001;
			productRefGroup = A60000000000000000000005 /* Products */;
			projectDirPath = "";
			projectRoot = "";
			targets = (
				A80000000000000000000001 /* GitKusa */,
				A80000000000000000000002 /* GitKusaWidget */,
			);
		};
/* End PBXProject section */

/* Begin PBXResourcesBuildPhase section */
		AE0000000000000000000001 /* Resources */ = {
			isa = PBXResourcesBuildPhase;
			buildActionMask = 2147483647;
			files = (
				A1000000000000000000000B /* Assets.xcassets in Resources */,
			);
			runOnlyForDeploymentPostprocessing = 0;
		};
/* End PBXResourcesBuildPhase section */

/* Begin PBXSourcesBuildPhase section */
		AB0000000000000000000001 /* Sources */ = {
			isa = PBXSourcesBuildPhase;
			buildActionMask = 2147483647;
			files = (
				A10000000000000000000001 /* GitKusaApp.swift in Sources */,
				A10000000000000000000002 /* ContentView.swift in Sources */,
				A10000000000000000000003 /* Contribution.swift in Sources */,
				A10000000000000000000004 /* GitHubContributionService.swift in Sources */,
				A10000000000000000000005 /* ContributionGrid.swift in Sources */,
			);
			runOnlyForDeploymentPostprocessing = 0;
		};
		AB0000000000000000000002 /* Sources */ = {
			isa = PBXSourcesBuildPhase;
			buildActionMask = 2147483647;
			files = (
				A10000000000000000000006 /* GitKusaWidget.swift in Sources */,
				A10000000000000000000007 /* Contribution.swift in Sources */,
				A10000000000000000000008 /* GitHubContributionService.swift in Sources */,
				A10000000000000000000009 /* ContributionGrid.swift in Sources */,
			);
			runOnlyForDeploymentPostprocessing = 0;
		};
/* End PBXSourcesBuildPhase section */

/* Begin PBXTargetDependency section */
		AA0000000000000000000001 /* PBXTargetDependency */ = {
			isa = PBXTargetDependency;
			target = A80000000000000000000002 /* GitKusaWidget */;
			targetProxy = A30000000000000000000001 /* PBXContainerItemProxy */;
		};
/* End PBXTargetDependency section */

/* Begin XCBuildConfiguration section */
		AD0000000000000000000001 /* Debug */ = {
			isa = XCBuildConfiguration;
			buildSettings = {
				CLANG_ENABLE_MODULES = YES;
				MACOSX_DEPLOYMENT_TARGET = 14.0;
				SDKROOT = macosx;
				SWIFT_VERSION = 5.0;
			};
			name = Debug;
		};
		AD0000000000000000000002 /* Release */ = {
			isa = XCBuildConfiguration;
			buildSettings = {
				CLANG_ENABLE_MODULES = YES;
				MACOSX_DEPLOYMENT_TARGET = 14.0;
				SDKROOT = macosx;
				SWIFT_COMPILATION_MODE = wholemodule;
				SWIFT_OPTIMIZATION_LEVEL = "-O";
				SWIFT_VERSION = 5.0;
			};
			name = Release;
		};
		AD0000000000000000000003 /* Debug */ = {
			isa = XCBuildConfiguration;
			buildSettings = {
				ASSETCATALOG_COMPILER_APPICON_NAME = AppIcon;
				CODE_SIGN_ENTITLEMENTS = GitKusa/GitKusa.entitlements;
				CODE_SIGN_STYLE = Automatic;
				COMBINE_HIDPI_IMAGES = YES;
				COPY_PHASE_STRIP = NO;
				CURRENT_PROJECT_VERSION = 2;
				DEBUG_INFORMATION_FORMAT = dwarf;
				DEVELOPMENT_TEAM = XZHHQ8L88S;
				ENABLE_APP_SANDBOX = YES;
				GENERATE_INFOPLIST_FILE = NO;
				INFOPLIST_FILE = GitKusa/Info.plist;
				MARKETING_VERSION = 1.0;
				PRODUCT_BUNDLE_IDENTIFIER = dev.kabutoebi.GitKusa;
				PRODUCT_NAME = "$(TARGET_NAME)";
				STRIP_INSTALLED_PRODUCT = NO;
				SWIFT_EMIT_LOC_STRINGS = YES;
			};
			name = Debug;
		};
		AD0000000000000000000004 /* Release */ = {
			isa = XCBuildConfiguration;
			buildSettings = {
				ASSETCATALOG_COMPILER_APPICON_NAME = AppIcon;
				CODE_SIGN_ENTITLEMENTS = GitKusa/GitKusa.entitlements;
				CODE_SIGN_STYLE = Automatic;
				COMBINE_HIDPI_IMAGES = YES;
				CURRENT_PROJECT_VERSION = 2;
				DEVELOPMENT_TEAM = XZHHQ8L88S;
				ENABLE_APP_SANDBOX = YES;
				GENERATE_INFOPLIST_FILE = NO;
				INFOPLIST_FILE = GitKusa/Info.plist;
				MARKETING_VERSION = 1.0;
				PRODUCT_BUNDLE_IDENTIFIER = dev.kabutoebi.GitKusa;
				PRODUCT_NAME = "$(TARGET_NAME)";
				SWIFT_EMIT_LOC_STRINGS = YES;
			};
			name = Release;
		};
		AD0000000000000000000005 /* Debug */ = {
			isa = XCBuildConfiguration;
			buildSettings = {
				APPLICATION_EXTENSION_API_ONLY = YES;
				CODE_SIGN_ENTITLEMENTS = GitKusaWidget/GitKusaWidget.entitlements;
				CODE_SIGN_STYLE = Automatic;
				COPY_PHASE_STRIP = NO;
				CURRENT_PROJECT_VERSION = 2;
				DEBUG_INFORMATION_FORMAT = dwarf;
				DEVELOPMENT_TEAM = XZHHQ8L88S;
				ENABLE_APP_SANDBOX = YES;
				GENERATE_INFOPLIST_FILE = NO;
				INFOPLIST_FILE = GitKusaWidget/Info.plist;
				MARKETING_VERSION = 1.0;
				PRODUCT_BUNDLE_IDENTIFIER = dev.kabutoebi.GitKusa.Widget;
				PRODUCT_NAME = "$(TARGET_NAME)";
				SKIP_INSTALL = YES;
				STRIP_INSTALLED_PRODUCT = NO;
				SWIFT_EMIT_LOC_STRINGS = YES;
			};
			name = Debug;
		};
		AD0000000000000000000006 /* Release */ = {
			isa = XCBuildConfiguration;
			buildSettings = {
				APPLICATION_EXTENSION_API_ONLY = YES;
				CODE_SIGN_ENTITLEMENTS = GitKusaWidget/GitKusaWidget.entitlements;
				CODE_SIGN_STYLE = Automatic;
				CURRENT_PROJECT_VERSION = 2;
				DEVELOPMENT_TEAM = XZHHQ8L88S;
				ENABLE_APP_SANDBOX = YES;
				GENERATE_INFOPLIST_FILE = NO;
				INFOPLIST_FILE = GitKusaWidget/Info.plist;
				MARKETING_VERSION = 1.0;
				PRODUCT_BUNDLE_IDENTIFIER = dev.kabutoebi.GitKusa.Widget;
				PRODUCT_NAME = "$(TARGET_NAME)";
				SKIP_INSTALL = YES;
				SWIFT_EMIT_LOC_STRINGS = YES;
			};
			name = Release;
		};
/* End XCBuildConfiguration section */

/* Begin XCConfigurationList section */
		AC0000000000000000000001 /* Build configuration list for PBXProject "GitKusa" */ = {
			isa = XCConfigurationList;
			buildConfigurations = (
				AD0000000000000000000001 /* Debug */,
				AD0000000000000000000002 /* Release */,
			);
			defaultConfigurationIsVisible = 0;
			defaultConfigurationName = Release;
		};
		AC0000000000000000000002 /* Build configuration list for PBXNativeTarget "GitKusa" */ = {
			isa = XCConfigurationList;
			buildConfigurations = (
				AD0000000000000000000003 /* Debug */,
				AD0000000000000000000004 /* Release */,
			);
			defaultConfigurationIsVisible = 0;
			defaultConfigurationName = Release;
		};
		AC0000000000000000000003 /* Build configuration list for PBXNativeTarget "GitKusaWidget" */ = {
			isa = XCConfigurationList;
			buildConfigurations = (
				AD0000000000000000000005 /* Debug */,
				AD0000000000000000000006 /* Release */,
			);
			defaultConfigurationIsVisible = 0;
			defaultConfigurationName = Release;
		};
/* End XCConfigurationList section */
	};
	rootObject = A90000000000000000000001 /* Project object */;
}
